
Microsoft Visual Studio Solution File, Format Version 12.00
# Visual Studio Version 17
VisualStudioVersion = 17.1.32210.238
MinimumVisualStudioVersion = 10.0.40219.1
Project("{2150E333-8FDC-42A3-9474-1A3956D46DE8}") = "Tests", "Tests", "{2CD03D02-2FB1-4622-AFAC-84F8EC4C0CBB}"
EndProject
Project("{9A19103F-16F7-4668-BE54-9A1E7A4F7556}") = "Indusoft.WebJobs", "Indusoft.WebJobs\Indusoft.WebJobs.csproj", "{398FD368-3823-4618-94F7-28CEF49A3C91}"
EndProject
Project("{9A19103F-16F7-4668-BE54-9A1E7A4F7556}") = "Indusoft.WebJobs.Api", "Indusoft.WebJobs.Api\Indusoft.WebJobs.Api.csproj", "{CADC7772-96E7-4E46-A449-D7A77CB4B110}"
EndProject
Project("{9A19103F-16F7-4668-BE54-9A1E7A4F7556}") = "Indusoft.WebJobs.Example.Node1", "Indusoft.WebJobs.Example.Node1\Indusoft.WebJobs.Example.Node1.csproj", "{C004574F-473F-438C-93F6-2638D2A57D8F}"
EndProject
Project("{2150E333-8FDC-42A3-9474-1A3956D46DE8}") = "WebJobs", "WebJobs", "{8444ABFD-CC45-42EA-AE29-84663F11A54B}"
EndProject
Project("{9A19103F-16F7-4668-BE54-9A1E7A4F7556}") = "Indusoft.WebJobs.Tracker", "Indusoft.WebJobs.Tracker\Indusoft.WebJobs.Tracker.csproj", "{CC2BE31C-C184-4417-B285-9D66317B1EF5}"
EndProject
Project("{2150E333-8FDC-42A3-9474-1A3956D46DE8}") = "Authorization", "Authorization", "{8D33FEA0-8498-4FF3-AA95-23D14F395773}"
EndProject
Project("{2150E333-8FDC-42A3-9474-1A3956D46DE8}") = "Plugins", "Plugins", "{E6566EA7-5260-43DD-963D-5525E5E046B0}"
EndProject
Project("{2150E333-8FDC-42A3-9474-1A3956D46DE8}") = "Cli", "Cli", "{DA123B2E-2B5A-417C-A040-A8AC23786598}"
EndProject
Project("{FAE04EC0-301F-11D3-BF4B-00C04F79EFBC}") = "Goober.Web.Keycloak", "Authorization\Plugins\Goober.Web.Keycloak\Goober.Web.Keycloak.csproj", "{4FAAC3C4-DCBD-1A42-0E3B-83A4200893D7}"
EndProject
Project("{FAE04EC0-301F-11D3-BF4B-00C04F79EFBC}") = "Goober.Web.LDAP", "Authorization\Plugins\Goober.Web.LDAP\Goober.Web.LDAP.csproj", "{2FF7FC9E-7F87-F4A7-9680-681BD486DF84}"
EndProject
Project("{FAE04EC0-301F-11D3-BF4B-00C04F79EFBC}") = "Goober.Web.Negotiate", "Authorization\Plugins\Goober.Web.Negotiate\Indusoft.Web.Negotiate\Goober.Web.Negotiate.csproj", "{7B5B9556-7960-5057-39B1-204DD7616778}"
EndProject
Project("{FAE04EC0-301F-11D3-BF4B-00C04F79EFBC}") = "Goober.Web.Authorization", "Authorization\Goober.Web.Authorization\Goober.Web.Authorization.csproj", "{048A4DEA-348C-A330-E245-42D9FAAC01DC}"
EndProject
Project("{FAE04EC0-301F-11D3-BF4B-00C04F79EFBC}") = "Goober.CLI", "Goober.CLI\Goober.CLI.csproj", "{ADADA7EC-246F-3E5C-7BDE-F8BDEFB3E453}"
EndProject
Project("{FAE04EC0-301F-11D3-BF4B-00C04F79EFBC}") = "Goober.CLI.Abstractions", "Goober.CLI.Abstractions\Goober.CLI.Abstractions.csproj", "{A6B12495-F72A-0164-533F-DAB767BCCDED}"
EndProject
Project("{FAE04EC0-301F-11D3-BF4B-00C04F79EFBC}") = "Goober.WebApi.Example.Tests", "Goober.WebApi.Example.Tests\Goober.WebApi.Example.Tests.csproj", "{49899DD5-B1CF-821B-22D2-181A875443C0}"
EndProject
Project("{FAE04EC0-301F-11D3-BF4B-00C04F79EFBC}") = "Goober.Web.Abstractions", "Goober.Web.Abstractions\Goober.Web.Abstractions.csproj", "{A991D59A-492A-66D4-7705-8935DCF0D066}"
EndProject
Project("{FAE04EC0-301F-11D3-BF4B-00C04F79EFBC}") = "Goober.Web", "Goober.Web\Goober.Web.csproj", "{4FBF17C0-5C27-074F-2E2E-9F6C85206C3E}"
EndProject
Project("{FAE04EC0-301F-11D3-BF4B-00C04F79EFBC}") = "Goober.Tests", "Goober.Tests\Goober.Tests.csproj", "{DD4F7D7D-4AF8-F03B-3F08-3F370AF04579}"
EndProject
Project("{FAE04EC0-301F-11D3-BF4B-00C04F79EFBC}") = "Goober.WebApi.Example.Api", "Goober.WebApi.Example.Api\Goober.WebApi.Example.Api.csproj", "{F83B7776-E132-BD8E-1E9D-27EF691BA13A}"
EndProject
Project("{FAE04EC0-301F-11D3-BF4B-00C04F79EFBC}") = "Goober.WebApi.Example", "Goober.WebApi.Example\Goober.WebApi.Example.csproj", "{21DC7E1B-F08D-3960-84A8-DE79A1030842}"
EndProject
Project("{FAE04EC0-301F-11D3-BF4B-00C04F79EFBC}") = "Goober.WebApi.FileExample", "Goober.WebApi.FileExample\Goober.WebApi.FileExample.csproj", "{9EDF87FF-769B-27F6-98BE-29308F25D07B}"
EndProject
Project("{2150E333-8FDC-42A3-9474-1A3956D46DE8}") = ".nugets", ".nugets", "{02EA681E-C7D8-13C7-8484-4AC65E1B71E8}"
EndProject
Project("{FAE04EC0-301F-11D3-BF4B-00C04F79EFBC}") = "Goober.Base", "..\Goober.Standard\Goober.Base\Goober.Base.csproj", "{DA28B1E0-5BF2-D7DD-1E5D-44D3503E7B7A}"
EndProject
Project("{FAE04EC0-301F-11D3-BF4B-00C04F79EFBC}") = "Goober.Caching", "..\Goober.Standard\Goober.Caching\Goober.Caching.csproj", "{5A1D2263-E7BE-000E-C697-C07D53CC03FF}"
EndProject
Project("{FAE04EC0-301F-11D3-BF4B-00C04F79EFBC}") = "Goober.Caching.Abstractions", "..\Goober.Standard\Goober.Caching.Abstractions\Goober.Caching.Abstractions.csproj", "{12519348-9423-D965-63F4-921AD7D41815}"
EndProject
Project("{FAE04EC0-301F-11D3-BF4B-00C04F79EFBC}") = "Goober.Core", "..\Goober.Standard\Goober.Core\Goober.Core.csproj", "{E7366FBF-13CA-F401-BEEC-1FFAFFFA59BF}"
EndProject
Project("{FAE04EC0-301F-11D3-BF4B-00C04F79EFBC}") = "Goober.DependencyInjection", "..\Goober.Standard\Goober.DependencyInjection\Goober.DependencyInjection.csproj", "{AC42211D-C47C-E4B6-4252-A359DDA89021}"
EndProject
Project("{FAE04EC0-301F-11D3-BF4B-00C04F79EFBC}") = "Goober.Http", "..\Goober.Standard\Goober.Http\Goober.Http.csproj", "{9C3746E0-1C59-E6B4-453A-CA5D658FFCCF}"
EndProject
Project("{FAE04EC0-301F-11D3-BF4B-00C04F79EFBC}") = "Goober.Http.Abstractions", "..\Goober.Standard\Goober.Http.Abstractions\Goober.Http.Abstractions.csproj", "{BF19D84A-C207-B2AD-BCF7-7F323A04F81F}"
EndProject
Global
	GlobalSection(SolutionConfigurationPlatforms) = preSolution
		Debug|Any CPU = Debug|Any CPU
		Release|Any CPU = Release|Any CPU
	EndGlobalSection
	GlobalSection(ProjectConfigurationPlatforms) = postSolution
		{398FD368-3823-4618-94F7-28CEF49A3C91}.Debug|Any CPU.ActiveCfg = Debug|Any CPU
		{398FD368-3823-4618-94F7-28CEF49A3C91}.Debug|Any CPU.Build.0 = Debug|Any CPU
		{398FD368-3823-4618-94F7-28CEF49A3C91}.Release|Any CPU.ActiveCfg = Release|Any CPU
		{398FD368-3823-4618-94F7-28CEF49A3C91}.Release|Any CPU.Build.0 = Release|Any CPU
		{CADC7772-96E7-4E46-A449-D7A77CB4B110}.Debug|Any CPU.ActiveCfg = Debug|Any CPU
		{CADC7772-96E7-4E46-A449-D7A77CB4B110}.Debug|Any CPU.Build.0 = Debug|Any CPU
		{CADC7772-96E7-4E46-A449-D7A77CB4B110}.Release|Any CPU.ActiveCfg = Release|Any CPU
		{CADC7772-96E7-4E46-A449-D7A77CB4B110}.Release|Any CPU.Build.0 = Release|Any CPU
		{C004574F-473F-438C-93F6-2638D2A57D8F}.Debug|Any CPU.ActiveCfg = Debug|Any CPU
		{C004574F-473F-438C-93F6-2638D2A57D8F}.Debug|Any CPU.Build.0 = Debug|Any CPU
		{C004574F-473F-438C-93F6-2638D2A57D8F}.Release|Any CPU.ActiveCfg = Release|Any CPU
		{CC2BE31C-C184-4417-B285-9D66317B1EF5}.Debug|Any CPU.ActiveCfg = Debug|Any CPU
		{CC2BE31C-C184-4417-B285-9D66317B1EF5}.Debug|Any CPU.Build.0 = Debug|Any CPU
		{CC2BE31C-C184-4417-B285-9D66317B1EF5}.Release|Any CPU.ActiveCfg = Release|Any CPU
		{CC2BE31C-C184-4417-B285-9D66317B1EF5}.Release|Any CPU.Build.0 = Release|Any CPU
		{4FAAC3C4-DCBD-1A42-0E3B-83A4200893D7}.Debug|Any CPU.ActiveCfg = Debug|Any CPU
		{4FAAC3C4-DCBD-1A42-0E3B-83A4200893D7}.Debug|Any CPU.Build.0 = Debug|Any CPU
		{4FAAC3C4-DCBD-1A42-0E3B-83A4200893D7}.Release|Any CPU.ActiveCfg = Release|Any CPU
		{4FAAC3C4-DCBD-1A42-0E3B-83A4200893D7}.Release|Any CPU.Build.0 = Release|Any CPU
		{2FF7FC9E-7F87-F4A7-9680-681BD486DF84}.Debug|Any CPU.ActiveCfg = Debug|Any CPU
		{2FF7FC9E-7F87-F4A7-9680-681BD486DF84}.Debug|Any CPU.Build.0 = Debug|Any CPU
		{2FF7FC9E-7F87-F4A7-9680-681BD486DF84}.Release|Any CPU.ActiveCfg = Release|Any CPU
		{2FF7FC9E-7F87-F4A7-9680-681BD486DF84}.Release|Any CPU.Build.0 = Release|Any CPU
		{7B5B9556-7960-5057-39B1-204DD7616778}.Debug|Any CPU.ActiveCfg = Debug|Any CPU
		{7B5B9556-7960-5057-39B1-204DD7616778}.Debug|Any CPU.Build.0 = Debug|Any CPU
		{7B5B9556-7960-5057-39B1-204DD7616778}.Release|Any CPU.ActiveCfg = Release|Any CPU
		{7B5B9556-7960-5057-39B1-204DD7616778}.Release|Any CPU.Build.0 = Release|Any CPU
		{048A4DEA-348C-A330-E245-42D9FAAC01DC}.Debug|Any CPU.ActiveCfg = Debug|Any CPU
		{048A4DEA-348C-A330-E245-42D9FAAC01DC}.Debug|Any CPU.Build.0 = Debug|Any CPU
		{048A4DEA-348C-A330-E245-42D9FAAC01DC}.Release|Any CPU.ActiveCfg = Release|Any CPU
		{048A4DEA-348C-A330-E245-42D9FAAC01DC}.Release|Any CPU.Build.0 = Release|Any CPU
		{ADADA7EC-246F-3E5C-7BDE-F8BDEFB3E453}.Debug|Any CPU.ActiveCfg = Debug|Any CPU
		{ADADA7EC-246F-3E5C-7BDE-F8BDEFB3E453}.Debug|Any CPU.Build.0 = Debug|Any CPU
		{ADADA7EC-246F-3E5C-7BDE-F8BDEFB3E453}.Release|Any CPU.ActiveCfg = Release|Any CPU
		{ADADA7EC-246F-3E5C-7BDE-F8BDEFB3E453}.Release|Any CPU.Build.0 = Release|Any CPU
		{A6B12495-F72A-0164-533F-DAB767BCCDED}.Debug|Any CPU.ActiveCfg = Debug|Any CPU
		{A6B12495-F72A-0164-533F-DAB767BCCDED}.Debug|Any CPU.Build.0 = Debug|Any CPU
		{A6B12495-F72A-0164-533F-DAB767BCCDED}.Release|Any CPU.ActiveCfg = Release|Any CPU
		{A6B12495-F72A-0164-533F-DAB767BCCDED}.Release|Any CPU.Build.0 = Release|Any CPU
		{49899DD5-B1CF-821B-22D2-181A875443C0}.Debug|Any CPU.ActiveCfg = Debug|Any CPU
		{49899DD5-B1CF-821B-22D2-181A875443C0}.Debug|Any CPU.Build.0 = Debug|Any CPU
		{49899DD5-B1CF-821B-22D2-181A875443C0}.Release|Any CPU.ActiveCfg = Release|Any CPU
		{49899DD5-B1CF-821B-22D2-181A875443C0}.Release|Any CPU.Build.0 = Release|Any CPU
		{A991D59A-492A-66D4-7705-8935DCF0D066}.Debug|Any CPU.ActiveCfg = Debug|Any CPU
		{A991D59A-492A-66D4-7705-8935DCF0D066}.Debug|Any CPU.Build.0 = Debug|Any CPU
		{A991D59A-492A-66D4-7705-8935DCF0D066}.Release|Any CPU.ActiveCfg = Release|Any CPU
		{A991D59A-492A-66D4-7705-8935DCF0D066}.Release|Any CPU.Build.0 = Release|Any CPU
		{4FBF17C0-5C27-074F-2E2E-9F6C85206C3E}.Debug|Any CPU.ActiveCfg = Debug|Any CPU
		{4FBF17C0-5C27-074F-2E2E-9F6C85206C3E}.Debug|Any CPU.Build.0 = Debug|Any CPU
		{4FBF17C0-5C27-074F-2E2E-9F6C85206C3E}.Release|Any CPU.ActiveCfg = Release|Any CPU
		{4FBF17C0-5C27-074F-2E2E-9F6C85206C3E}.Release|Any CPU.Build.0 = Release|Any CPU
		{DD4F7D7D-4AF8-F03B-3F08-3F370AF04579}.Debug|Any CPU.ActiveCfg = Debug|Any CPU
		{DD4F7D7D-4AF8-F03B-3F08-3F370AF04579}.Debug|Any CPU.Build.0 = Debug|Any CPU
		{DD4F7D7D-4AF8-F03B-3F08-3F370AF04579}.Release|Any CPU.ActiveCfg = Release|Any CPU
		{DD4F7D7D-4AF8-F03B-3F08-3F370AF04579}.Release|Any CPU.Build.0 = Release|Any CPU
		{F83B7776-E132-BD8E-1E9D-27EF691BA13A}.Debug|Any CPU.ActiveCfg = Debug|Any CPU
		{F83B7776-E132-BD8E-1E9D-27EF691BA13A}.Debug|Any CPU.Build.0 = Debug|Any CPU
		{F83B7776-E132-BD8E-1E9D-27EF691BA13A}.Release|Any CPU.ActiveCfg = Release|Any CPU
		{F83B7776-E132-BD8E-1E9D-27EF691BA13A}.Release|Any CPU.Build.0 = Release|Any CPU
		{21DC7E1B-F08D-3960-84A8-DE79A1030842}.Debug|Any CPU.ActiveCfg = Debug|Any CPU
		{21DC7E1B-F08D-3960-84A8-DE79A1030842}.Debug|Any CPU.Build.0 = Debug|Any CPU
		{21DC7E1B-F08D-3960-84A8-DE79A1030842}.Release|Any CPU.ActiveCfg = Release|Any CPU
		{21DC7E1B-F08D-3960-84A8-DE79A1030842}.Release|Any CPU.Build.0 = Release|Any CPU
		{9EDF87FF-769B-27F6-98BE-29308F25D07B}.Debug|Any CPU.ActiveCfg = Debug|Any CPU
		{9EDF87FF-769B-27F6-98BE-29308F25D07B}.Debug|Any CPU.Build.0 = Debug|Any CPU
		{9EDF87FF-769B-27F6-98BE-29308F25D07B}.Release|Any CPU.ActiveCfg = Release|Any CPU
		{9EDF87FF-769B-27F6-98BE-29308F25D07B}.Release|Any CPU.Build.0 = Release|Any CPU
		{DA28B1E0-5BF2-D7DD-1E5D-44D3503E7B7A}.Debug|Any CPU.ActiveCfg = Debug|Any CPU
		{DA28B1E0-5BF2-D7DD-1E5D-44D3503E7B7A}.Debug|Any CPU.Build.0 = Debug|Any CPU
		{DA28B1E0-5BF2-D7DD-1E5D-44D3503E7B7A}.Release|Any CPU.ActiveCfg = Release|Any CPU
		{DA28B1E0-5BF2-D7DD-1E5D-44D3503E7B7A}.Release|Any CPU.Build.0 = Release|Any CPU
		{5A1D2263-E7BE-000E-C697-C07D53CC03FF}.Debug|Any CPU.ActiveCfg = Debug|Any CPU
		{5A1D2263-E7BE-000E-C697-C07D53CC03FF}.Debug|Any CPU.Build.0 = Debug|Any CPU
		{5A1D2263-E7BE-000E-C697-C07D53CC03FF}.Release|Any CPU.ActiveCfg = Release|Any CPU
		{5A1D2263-E7BE-000E-C697-C07D53CC03FF}.Release|Any CPU.Build.0 = Release|Any CPU
		{12519348-9423-D965-63F4-921AD7D41815}.Debug|Any CPU.ActiveCfg = Debug|Any CPU
		{12519348-9423-D965-63F4-921AD7D41815}.Debug|Any CPU.Build.0 = Debug|Any CPU
		{12519348-9423-D965-63F4-921AD7D41815}.Release|Any CPU.ActiveCfg = Release|Any CPU
		{12519348-9423-D965-63F4-921AD7D41815}.Release|Any CPU.Build.0 = Release|Any CPU
		{E7366FBF-13CA-F401-BEEC-1FFAFFFA59BF}.Debug|Any CPU.ActiveCfg = Debug|Any CPU
		{E7366FBF-13CA-F401-BEEC-1FFAFFFA59BF}.Debug|Any CPU.Build.0 = Debug|Any CPU
		{E7366FBF-13CA-F401-BEEC-1FFAFFFA59BF}.Release|Any CPU.ActiveCfg = Release|Any CPU
		{E7366FBF-13CA-F401-BEEC-1FFAFFFA59BF}.Release|Any CPU.Build.0 = Release|Any CPU
		{AC42211D-C47C-E4B6-4252-A359DDA89021}.Debug|Any CPU.ActiveCfg = Debug|Any CPU
		{AC42211D-C47C-E4B6-4252-A359DDA89021}.Debug|Any CPU.Build.0 = Debug|Any CPU
		{AC42211D-C47C-E4B6-4252-A359DDA89021}.Release|Any CPU.ActiveCfg = Release|Any CPU
		{AC42211D-C47C-E4B6-4252-A359DDA89021}.Release|Any CPU.Build.0 = Release|Any CPU
		{9C3746E0-1C59-E6B4-453A-CA5D658FFCCF}.Debug|Any CPU.ActiveCfg = Debug|Any CPU
		{9C3746E0-1C59-E6B4-453A-CA5D658FFCCF}.Debug|Any CPU.Build.0 = Debug|Any CPU
		{9C3746E0-1C59-E6B4-453A-CA5D658FFCCF}.Release|Any CPU.ActiveCfg = Release|Any CPU
		{9C3746E0-1C59-E6B4-453A-CA5D658FFCCF}.Release|Any CPU.Build.0 = Release|Any CPU
		{BF19D84A-C207-B2AD-BCF7-7F323A04F81F}.Debug|Any CPU.ActiveCfg = Debug|Any CPU
		{BF19D84A-C207-B2AD-BCF7-7F323A04F81F}.Debug|Any CPU.Build.0 = Debug|Any CPU
		{BF19D84A-C207-B2AD-BCF7-7F323A04F81F}.Release|Any CPU.ActiveCfg = Release|Any CPU
		{BF19D84A-C207-B2AD-BCF7-7F323A04F81F}.Release|Any CPU.Build.0 = Release|Any CPU
	EndGlobalSection
	GlobalSection(SolutionProperties) = preSolution
		HideSolutionNode = FALSE
	EndGlobalSection
	GlobalSection(NestedProjects) = preSolution
		{398FD368-3823-4618-94F7-28CEF49A3C91} = {8444ABFD-CC45-42EA-AE29-84663F11A54B}
		{CADC7772-96E7-4E46-A449-D7A77CB4B110} = {8444ABFD-CC45-42EA-AE29-84663F11A54B}
		{C004574F-473F-438C-93F6-2638D2A57D8F} = {8444ABFD-CC45-42EA-AE29-84663F11A54B}
		{CC2BE31C-C184-4417-B285-9D66317B1EF5} = {8444ABFD-CC45-42EA-AE29-84663F11A54B}
		{E6566EA7-5260-43DD-963D-5525E5E046B0} = {8D33FEA0-8498-4FF3-AA95-23D14F395773}
		{4FAAC3C4-DCBD-1A42-0E3B-83A4200893D7} = {E6566EA7-5260-43DD-963D-5525E5E046B0}
		{2FF7FC9E-7F87-F4A7-9680-681BD486DF84} = {E6566EA7-5260-43DD-963D-5525E5E046B0}
		{7B5B9556-7960-5057-39B1-204DD7616778} = {E6566EA7-5260-43DD-963D-5525E5E046B0}
		{048A4DEA-348C-A330-E245-42D9FAAC01DC} = {8D33FEA0-8498-4FF3-AA95-23D14F395773}
		{ADADA7EC-246F-3E5C-7BDE-F8BDEFB3E453} = {DA123B2E-2B5A-417C-A040-A8AC23786598}
		{A6B12495-F72A-0164-533F-DAB767BCCDED} = {DA123B2E-2B5A-417C-A040-A8AC23786598}
		{49899DD5-B1CF-821B-22D2-181A875443C0} = {2CD03D02-2FB1-4622-AFAC-84F8EC4C0CBB}
		{DA28B1E0-5BF2-D7DD-1E5D-44D3503E7B7A} = {02EA681E-C7D8-13C7-8484-4AC65E1B71E8}
		{5A1D2263-E7BE-000E-C697-C07D53CC03FF} = {02EA681E-C7D8-13C7-8484-4AC65E1B71E8}
		{12519348-9423-D965-63F4-921AD7D41815} = {02EA681E-C7D8-13C7-8484-4AC65E1B71E8}
		{E7366FBF-13CA-F401-BEEC-1FFAFFFA59BF} = {02EA681E-C7D8-13C7-8484-4AC65E1B71E8}
		{AC42211D-C47C-E4B6-4252-A359DDA89021} = {02EA681E-C7D8-13C7-8484-4AC65E1B71E8}
		{9C3746E0-1C59-E6B4-453A-CA5D658FFCCF} = {02EA681E-C7D8-13C7-8484-4AC65E1B71E8}
		{BF19D84A-C207-B2AD-BCF7-7F323A04F81F} = {02EA681E-C7D8-13C7-8484-4AC65E1B71E8}
	EndGlobalSection
	GlobalSection(ExtensibilityGlobals) = postSolution
		SolutionGuid = {10DFA484-7E3E-4E9A-A274-9AE3F98818EB}
	EndGlobalSection
EndGlobal
