
Microsoft Visual Studio Solution File, Format Version 12.00
# Visual Studio Version 16
VisualStudioVersion = 16.0.29806.167
MinimumVisualStudioVersion = 10.0.40219.1
Project("{9A19103F-16F7-4668-BE54-9A1E7A4F7556}") = "Goober.WebApi.Example", "Goober.WebApi.Example\Goober.WebApi.Example.csproj", "{3001D8A0-E12F-4B4C-B56A-43F0685853EA}"
EndProject
Project("{9A19103F-16F7-4668-BE54-9A1E7A4F7556}") = "Goober.WebApi.FileExample", "Goober.WebApi.FileExample\Goober.WebApi.FileExample.csproj", "{60CA10F6-B748-4EF2-9C9C-F3E8C13D87E1}"
EndProject
Project("{9A19103F-16F7-4668-BE54-9A1E7A4F7556}") = "Goober.Web", "Goober.Web\Goober.Web.csproj", "{665E3D6C-3EBD-45FD-8F83-DC1E5AFDB5D7}"
EndProject
Project("{9A19103F-16F7-4668-BE54-9A1E7A4F7556}") = "Goober.Tests", "Goober.Tests\Goober.Tests.csproj", "{6CF0F5C8-F7E2-401D-8624-41CD5B5C7F8A}"
EndProject
Project("{2150E333-8FDC-42A3-9474-1A3956D46DE8}") = "Tests", "Tests", "{2CD03D02-2FB1-4622-AFAC-84F8EC4C0CBB}"
EndProject
Project("{9A19103F-16F7-4668-BE54-9A1E7A4F7556}") = "Goober.WebApi.Example.Tests", "Goober.WebApi.Example.Tests\Goober.WebApi.Example.Tests.csproj", "{D3D01ED9-903F-40CF-A5A6-D5947CFC571F}"
EndProject
Project("{9A19103F-16F7-4668-BE54-9A1E7A4F7556}") = "Goober.WebJobs", "Goober.WebJobs\Goober.WebJobs.csproj", "{7D155B9B-5A91-4810-A579-1EFDEEEEC73B}"
EndProject
Project("{9A19103F-16F7-4668-BE54-9A1E7A4F7556}") = "Goober.WebJobs.Example", "Goober.WebJobs.Example\Goober.WebJobs.Example.csproj", "{9F59B867-D136-4B53-BD01-BC4404A4876A}"
EndProject
Project("{9A19103F-16F7-4668-BE54-9A1E7A4F7556}") = "Goober.Web.VueJs", "Goober.Web.VueJs\Goober.Web.VueJs.csproj", "{A0337674-0BDA-4EBC-BF1B-2B1A2C9461E1}"
EndProject
Project("{9A19103F-16F7-4668-BE54-9A1E7A4F7556}") = "Goober.Web.VueJs.Example", "Goober.Web.VueJs.Example\Goober.Web.VueJs.Example.csproj", "{397CCEC3-FD0A-45E6-8B64-67919C30C7A2}"
EndProject
Global
	GlobalSection(SolutionConfigurationPlatforms) = preSolution
		Debug|Any CPU = Debug|Any CPU
		Release|Any CPU = Release|Any CPU
	EndGlobalSection
	GlobalSection(ProjectConfigurationPlatforms) = postSolution
		{3001D8A0-E12F-4B4C-B56A-43F0685853EA}.Debug|Any CPU.ActiveCfg = Debug|Any CPU
		{3001D8A0-E12F-4B4C-B56A-43F0685853EA}.Debug|Any CPU.Build.0 = Debug|Any CPU
		{3001D8A0-E12F-4B4C-B56A-43F0685853EA}.Release|Any CPU.ActiveCfg = Release|Any CPU
		{3001D8A0-E12F-4B4C-B56A-43F0685853EA}.Release|Any CPU.Build.0 = Release|Any CPU
		{60CA10F6-B748-4EF2-9C9C-F3E8C13D87E1}.Debug|Any CPU.ActiveCfg = Debug|Any CPU
		{60CA10F6-B748-4EF2-9C9C-F3E8C13D87E1}.Debug|Any CPU.Build.0 = Debug|Any CPU
		{60CA10F6-B748-4EF2-9C9C-F3E8C13D87E1}.Release|Any CPU.ActiveCfg = Release|Any CPU
		{60CA10F6-B748-4EF2-9C9C-F3E8C13D87E1}.Release|Any CPU.Build.0 = Release|Any CPU
		{665E3D6C-3EBD-45FD-8F83-DC1E5AFDB5D7}.Debug|Any CPU.ActiveCfg = Debug|Any CPU
		{665E3D6C-3EBD-45FD-8F83-DC1E5AFDB5D7}.Debug|Any CPU.Build.0 = Debug|Any CPU
		{665E3D6C-3EBD-45FD-8F83-DC1E5AFDB5D7}.Release|Any CPU.ActiveCfg = Release|Any CPU
		{665E3D6C-3EBD-45FD-8F83-DC1E5AFDB5D7}.Release|Any CPU.Build.0 = Release|Any CPU
		{6CF0F5C8-F7E2-401D-8624-41CD5B5C7F8A}.Debug|Any CPU.ActiveCfg = Debug|Any CPU
		{6CF0F5C8-F7E2-401D-8624-41CD5B5C7F8A}.Debug|Any CPU.Build.0 = Debug|Any CPU
		{6CF0F5C8-F7E2-401D-8624-41CD5B5C7F8A}.Release|Any CPU.ActiveCfg = Release|Any CPU
		{6CF0F5C8-F7E2-401D-8624-41CD5B5C7F8A}.Release|Any CPU.Build.0 = Release|Any CPU
		{D3D01ED9-903F-40CF-A5A6-D5947CFC571F}.Debug|Any CPU.ActiveCfg = Debug|Any CPU
		{D3D01ED9-903F-40CF-A5A6-D5947CFC571F}.Debug|Any CPU.Build.0 = Debug|Any CPU
		{D3D01ED9-903F-40CF-A5A6-D5947CFC571F}.Release|Any CPU.ActiveCfg = Release|Any CPU
		{D3D01ED9-903F-40CF-A5A6-D5947CFC571F}.Release|Any CPU.Build.0 = Release|Any CPU
		{7D155B9B-5A91-4810-A579-1EFDEEEEC73B}.Debug|Any CPU.ActiveCfg = Debug|Any CPU
		{7D155B9B-5A91-4810-A579-1EFDEEEEC73B}.Debug|Any CPU.Build.0 = Debug|Any CPU
		{7D155B9B-5A91-4810-A579-1EFDEEEEC73B}.Release|Any CPU.ActiveCfg = Release|Any CPU
		{7D155B9B-5A91-4810-A579-1EFDEEEEC73B}.Release|Any CPU.Build.0 = Release|Any CPU
		{9F59B867-D136-4B53-BD01-BC4404A4876A}.Debug|Any CPU.ActiveCfg = Debug|Any CPU
		{9F59B867-D136-4B53-BD01-BC4404A4876A}.Debug|Any CPU.Build.0 = Debug|Any CPU
		{9F59B867-D136-4B53-BD01-BC4404A4876A}.Release|Any CPU.ActiveCfg = Release|Any CPU
		{9F59B867-D136-4B53-BD01-BC4404A4876A}.Release|Any CPU.Build.0 = Release|Any CPU
		{A0337674-0BDA-4EBC-BF1B-2B1A2C9461E1}.Debug|Any CPU.ActiveCfg = Debug|Any CPU
		{A0337674-0BDA-4EBC-BF1B-2B1A2C9461E1}.Debug|Any CPU.Build.0 = Debug|Any CPU
		{A0337674-0BDA-4EBC-BF1B-2B1A2C9461E1}.Release|Any CPU.ActiveCfg = Release|Any CPU
		{A0337674-0BDA-4EBC-BF1B-2B1A2C9461E1}.Release|Any CPU.Build.0 = Release|Any CPU
		{397CCEC3-FD0A-45E6-8B64-67919C30C7A2}.Debug|Any CPU.ActiveCfg = Debug|Any CPU
		{397CCEC3-FD0A-45E6-8B64-67919C30C7A2}.Debug|Any CPU.Build.0 = Debug|Any CPU
		{397CCEC3-FD0A-45E6-8B64-67919C30C7A2}.Release|Any CPU.ActiveCfg = Release|Any CPU
		{397CCEC3-FD0A-45E6-8B64-67919C30C7A2}.Release|Any CPU.Build.0 = Release|Any CPU
	EndGlobalSection
	GlobalSection(SolutionProperties) = preSolution
		HideSolutionNode = FALSE
	EndGlobalSection
	GlobalSection(NestedProjects) = preSolution
		{D3D01ED9-903F-40CF-A5A6-D5947CFC571F} = {2CD03D02-2FB1-4622-AFAC-84F8EC4C0CBB}
	EndGlobalSection
	GlobalSection(ExtensibilityGlobals) = postSolution
		SolutionGuid = {10DFA484-7E3E-4E9A-A274-9AE3F98818EB}
	EndGlobalSection
EndGlobal
